<?xml version="1.0" encoding="utf-8"?>
<Project ToolsVersion="4.0" xmlns="http://schemas.microsoft.com/developer/msbuild/2003">
  <ItemGroup>
    <Filter Include="Source Files">
      <UniqueIdentifier>{4FC737F1-C7A5-4376-A066-2A32D752A2FF}</UniqueIdentifier>
      <Extensions>cpp;c;cxx;cc;s;asm</Extensions>
    </Filter>
    <Filter Include="Header Files">
      <UniqueIdentifier>{93995380-89BD-4b04-88EB-625FBE52EBFB}</UniqueIdentifier>
      <Extensions>h;hpp</Extensions>
    </Filter>
  </ItemGroup>
  <ItemGroup>
    <ClInclude Include="stdafx.h">
      <Filter>Header Files</Filter>
    </ClInclude>
    <ClInclude Include="atof.h">
      <Filter>Header Files</Filter>
    </ClInclude>
    <ClInclude Include="base64.h">
      <Filter>Header Files</Filter>
    </ClInclude>
    <ClInclude Include="BitmapLoader.h">
      <Filter>Header Files</Filter>
    </ClInclude>
    <ClInclude Include="Buttons.h">
      <Filter>Header Files</Filter>
    </ClInclude>
    <ClInclude Include="crypto.h">
      <Filter>Header Files</Filter>
    </ClInclude>
    <ClInclude Include="Enums.h">
      <Filter>Header Files</Filter>
    </ClInclude>
    <ClInclude Include="GTAStructs.h">
      <Filter>Header Files</Filter>
    </ClInclude>
    <ClInclude Include="jump.h">
      <Filter>Header Files</Filter>
    </ClInclude>
    <ClInclude Include="Mods.h">
      <Filter>Header Files</Filter>
    </ClInclude>
    <ClInclude Include="MyMath.h">
      <Filter>Header Files</Filter>
    </ClInclude>
    <ClInclude Include="nativeCaller.h">
      <Filter>Header Files</Filter>
    </ClInclude>
    <ClInclude Include="Natives.h">
      <Filter>Header Files</Filter>
    </ClInclude>
    <ClInclude Include="Networking.h">
      <Filter>Header Files</Filter>
    </ClInclude>
    <ClInclude Include="OtherPlayerStats.h">
      <Filter>Header Files</Filter>
    </ClInclude>
    <ClInclude Include="PSC.h">
      <Filter>Header Files</Filter>
    </ClInclude>
    <ClInclude Include="RTMCommands.h">
      <Filter>Header Files</Filter>
    </ClInclude>
    <ClInclude Include="RTMTool.h">
      <Filter>Header Files</Filter>
    </ClInclude>
    <ClInclude Include="Scaleforms.h">
      <Filter>Header Files</Filter>
    </ClInclude>
    <ClInclude Include="Stats.h">
      <Filter>Header Files</Filter>
    </ClInclude>
    <ClInclude Include="types.h">
      <Filter>Header Files</Filter>
    </ClInclude>
    <ClInclude Include="XML.h">
      <Filter>Header Files</Filter>
    </ClInclude>
    <ClInclude Include="security.h">
      <Filter>Header Files</Filter>
    </ClInclude>
    <ClInclude Include="STDLib.h">
      <Filter>Header Files</Filter>
    </ClInclude>
    <ClInclude Include="rce.h">
      <Filter>Header Files</Filter>
    </ClInclude>
    <ClInclude Include="padutil.h">
      <Filter>Header Files</Filter>
    </ClInclude>
    <ClInclude Include="GlobalStuff.h">
      <Filter>Header Files</Filter>
    </ClInclude>
  </ItemGroup>
  <ItemGroup>
    <ClCompile Include="stdafx.cpp">
      <Filter>Source Files</Filter>
    </ClCompile>
    <ClCompile Include="prx.cpp">
      <Filter>Source Files</Filter>
    </ClCompile>
    <ClCompile Include="printf.cpp">
      <Filter>Source Files</Filter>
    </ClCompile>
    <ClCompile Include="padutil.cpp">
      <Filter>Source Files</Filter>
    </ClCompile>
  </ItemGroup>
</Project>